// !$*UTF8*$!
{
	archiveVersion = 1;
	classes = {
	};
	objectVersion = 56;
	objects = {

/* Begin PBXBuildFile section */
		9035207B2AE1064F00EE6CF0 /* AppDelegate.swift in Sources */ = {isa = PBXBuildFile; fileRef = 9035207A2AE1064F00EE6CF0 /* AppDelegate.swift */; };
		9035207D2AE1064F00EE6CF0 /* SceneDelegate.swift in Sources */ = {isa = PBXBuildFile; fileRef = 9035207C2AE1064F00EE6CF0 /* SceneDelegate.swift */; };
		903520822AE1064F00EE6CF0 /* Main.storyboard in Resources */ = {isa = PBXBuildFile; fileRef = 903520802AE1064F00EE6CF0 /* Main.storyboard */; };
		903520852AE1064F00EE6CF0 /* ToDoList.xcdatamodeld in Sources */ = {isa = PBXBuildFile; fileRef = 903520832AE1064F00EE6CF0 /* ToDoList.xcdatamodeld */; };
		903520872AE1065000EE6CF0 /* Assets.xcassets in Resources */ = {isa = PBXBuildFile; fileRef = 903520862AE1065000EE6CF0 /* Assets.xcassets */; };
		9035208A2AE1065000EE6CF0 /* LaunchScreen.storyboard in Resources */ = {isa = PBXBuildFile; fileRef = 903520882AE1065000EE6CF0 /* LaunchScreen.storyboard */; };
		903520932AE106B500EE6CF0 /* ToDoList+CoreDataClass.swift in Sources */ = {isa = PBXBuildFile; fileRef = 903520912AE106B500EE6CF0 /* ToDoList+CoreDataClass.swift */; };
		903520942AE106B500EE6CF0 /* ToDoList+CoreDataProperties.swift in Sources */ = {isa = PBXBuildFile; fileRef = 903520922AE106B500EE6CF0 /* ToDoList+CoreDataProperties.swift */; };
		903520962AE106E400EE6CF0 /* HomePageController.swift in Sources */ = {isa = PBXBuildFile; fileRef = 903520952AE106E400EE6CF0 /* HomePageController.swift */; };
		90C01A652AE5139D00B73F0F /* Realm in Frameworks */ = {isa = PBXBuildFile; productRef = 90C01A642AE5139D00B73F0F /* Realm */; };
		90C01A672AE5139D00B73F0F /* RealmSwift in Frameworks */ = {isa = PBXBuildFile; productRef = 90C01A662AE5139D00B73F0F /* RealmSwift */; };
		90C01A692AE513BD00B73F0F /* RealmController.swift in Sources */ = {isa = PBXBuildFile; fileRef = 90C01A682AE513BD00B73F0F /* RealmController.swift */; };
/* End PBXBuildFile section */

/* Begin PBXFileReference section */
		903520772AE1064F00EE6CF0 /* ToDoList.app */ = {isa = PBXFileReference; explicitFileType = wrapper.application; includeInIndex = 0; path = ToDoList.app; sourceTree = BUILT_PRODUCTS_DIR; };
		9035207A2AE1064F00EE6CF0 /* AppDelegate.swift */ = {isa = PBXFileReference; lastKnownFileType = sourcecode.swift; path = AppDelegate.swift; sourceTree = "<group>"; };
		9035207C2AE1064F00EE6CF0 /* SceneDelegate.swift */ = {isa = PBXFileReference; lastKnownFileType = sourcecode.swift; path = SceneDelegate.swift; sourceTree = "<group>"; };
		903520812AE1064F00EE6CF0 /* Base */ = {isa = PBXFileReference; lastKnownFileType = file.storyboard; name = Base; path = Base.lproj/Main.storyboard; sourceTree = "<group>"; };
		903520842AE1064F00EE6CF0 /* ToDoList.xcdatamodel */ = {isa = PBXFileReference; lastKnownFileType = wrapper.xcdatamodel; path = ToDoList.xcdatamodel; sourceTree = "<group>"; };
		903520862AE1065000EE6CF0 /* Assets.xcassets */ = {isa = PBXFileReference; lastKnownFileType = folder.assetcatalog; path = Assets.xcassets; sourceTree = "<group>"; };
		903520892AE1065000EE6CF0 /* Base */ = {isa = PBXFileReference; lastKnownFileType = file.storyboard; name = Base; path = Base.lproj/LaunchScreen.storyboard; sourceTree = "<group>"; };
		9035208B2AE1065000EE6CF0 /* Info.plist */ = {isa = PBXFileReference; lastKnownFileType = text.plist.xml; path = Info.plist; sourceTree = "<group>"; };
		903520912AE106B500EE6CF0 /* ToDoList+CoreDataClass.swift */ = {isa = PBXFileReference; lastKnownFileType = sourcecode.swift; path = "ToDoList+CoreDataClass.swift"; sourceTree = "<group>"; };
		903520922AE106B500EE6CF0 /* ToDoList+CoreDataProperties.swift */ = {isa = PBXFileReference; lastKnownFileType = sourcecode.swift; path = "ToDoList+CoreDataProperties.swift"; sourceTree = "<group>"; };
		903520952AE106E400EE6CF0 /* HomePageController.swift */ = {isa = PBXFileReference; lastKnownFileType = sourcecode.swift; path = HomePageController.swift; sourceTree = "<group>"; };
		90C01A682AE513BD00B73F0F /* RealmController.swift */ = {isa = PBXFileReference; lastKnownFileType = sourcecode.swift; path = RealmController.swift; sourceTree = "<group>"; };
/* End PBXFileReference section */

/* Begin PBXFrameworksBuildPhase section */
		903520742AE1064F00EE6CF0 /* Frameworks */ = {
			isa = PBXFrameworksBuildPhase;
			buildActionMask = 2147483647;
			files = (
				90C01A672AE5139D00B73F0F /* RealmSwift in Frameworks */,
				90C01A652AE5139D00B73F0F /* Realm in Frameworks */,
			);
			runOnlyForDeploymentPostprocessing = 0;
		};
/* End PBXFrameworksBuildPhase section */

/* Begin PBXGroup section */
		9035206E2AE1064F00EE6CF0 = {
			isa = PBXGroup;
			children = (
				903520792AE1064F00EE6CF0 /* ToDoList */,
				903520782AE1064F00EE6CF0 /* Products */,
			);
			sourceTree = "<group>";
		};
		903520782AE1064F00EE6CF0 /* Products */ = {
			isa = PBXGroup;
			children = (
				903520772AE1064F00EE6CF0 /* ToDoList.app */,
			);
			name = Products;
			sourceTree = "<group>";
		};
		903520792AE1064F00EE6CF0 /* ToDoList */ = {
			isa = PBXGroup;
			children = (
				9035207A2AE1064F00EE6CF0 /* AppDelegate.swift */,
				9035207C2AE1064F00EE6CF0 /* SceneDelegate.swift */,
				903520952AE106E400EE6CF0 /* HomePageController.swift */,
				90C01A682AE513BD00B73F0F /* RealmController.swift */,
				903520802AE1064F00EE6CF0 /* Main.storyboard */,
				903520862AE1065000EE6CF0 /* Assets.xcassets */,
				903520882AE1065000EE6CF0 /* LaunchScreen.storyboard */,
				9035208B2AE1065000EE6CF0 /* Info.plist */,
				903520832AE1064F00EE6CF0 /* ToDoList.xcdatamodeld */,
				903520912AE106B500EE6CF0 /* ToDoList+CoreDataClass.swift */,
				903520922AE106B500EE6CF0 /* ToDoList+CoreDataProperties.swift */,
			);
			path = ToDoList;
			sourceTree = "<group>";
		};
/* End PBXGroup section */

/* Begin PBXNativeTarget section */
		903520762AE1064F00EE6CF0 /* ToDoList */ = {
			isa = PBXNativeTarget;
			buildConfigurationList = 9035208E2AE1065000EE6CF0 /* Build configuration list for PBXNativeTarget "ToDoList" */;
			buildPhases = (
				903520732AE1064F00EE6CF0 /* Sources */,
				903520742AE1064F00EE6CF0 /* Frameworks */,
				903520752AE1064F00EE6CF0 /* Resources */,
			);
			buildRules = (
			);
			dependencies = (
			);
			name = ToDoList;
			packageProductDependencies = (
				90C01A642AE5139D00B73F0F /* Realm */,
				90C01A662AE5139D00B73F0F /* RealmSwift */,
			);
			productName = ToDoList;
			productReference = 903520772AE1064F00EE6CF0 /* ToDoList.app */;
			productType = "com.apple.product-type.application";
		};
/* End PBXNativeTarget section */

/* Begin PBXProject section */
		9035206F2AE1064F00EE6CF0 /* Project object */ = {
			isa = PBXProject;
			attributes = {
				BuildIndependentTargetsInParallel = 1;
				LastSwiftUpdateCheck = 1500;
				LastUpgradeCheck = 1500;
				TargetAttributes = {
					903520762AE1064F00EE6CF0 = {
						CreatedOnToolsVersion = 15.0;
					};
				};
			};
			buildConfigurationList = 903520722AE1064F00EE6CF0 /* Build configuration list for PBXProject "ToDoList" */;
			compatibilityVersion = "Xcode 14.0";
			developmentRegion = en;
			hasScannedForEncodings = 0;
			knownRegions = (
				en,
				Base,
			);
			mainGroup = 9035206E2AE1064F00EE6CF0;
			packageReferences = (
				90C01A632AE5139D00B73F0F /* XCRemoteSwiftPackageReference "realm-swift" */,
			);
			productRefGroup = 903520782AE1064F00EE6CF0 /* Products */;
			projectDirPath = "";
			projectRoot = "";
			targets = (
				903520762AE1064F00EE6CF0 /* ToDoList */,
			);
		};
/* End PBXProject section */

/* Begin PBXResourcesBuildPhase section */
		903520752AE1064F00EE6CF0 /* Resources */ = {
			isa = PBXResourcesBuildPhase;
			buildActionMask = 2147483647;
			files = (
				9035208A2AE1065000EE6CF0 /* LaunchScreen.storyboard in Resources */,
				903520872AE1065000EE6CF0 /* Assets.xcassets in Resources */,
				903520822AE1064F00EE6CF0 /* Main.storyboard in Resources */,
			);
			runOnlyForDeploymentPostprocessing = 0;
		};
/* End PBXResourcesBuildPhase section */

/* Begin PBXSourcesBuildPhase section */
		903520732AE1064F00EE6CF0 /* Sources */ = {
			isa = PBXSourcesBuildPhase;
			buildActionMask = 2147483647;
			files = (
				903520932AE106B500EE6CF0 /* ToDoList+CoreDataClass.swift in Sources */,
				9035207B2AE1064F00EE6CF0 /* AppDelegate.swift in Sources */,
				9035207D2AE1064F00EE6CF0 /* SceneDelegate.swift in Sources */,
				903520852AE1064F00EE6CF0 /* ToDoList.xcdatamodeld in Sources */,
				903520942AE106B500EE6CF0 /* ToDoList+CoreDataProperties.swift in Sources */,
				90C01A692AE513BD00B73F0F /* RealmController.swift in Sources */,
				903520962AE106E400EE6CF0 /* HomePageController.swift in Sources */,
			);
			runOnlyForDeploymentPostprocessing = 0;
		};
/* End PBXSourcesBuildPhase section */

/* Begin PBXVariantGroup section */
		903520802AE1064F00EE6CF0 /* Main.storyboard */ = {
			isa = PBXVariantGroup;
			children = (
				903520812AE1064F00EE6CF0 /* Base */,
			);
			name = Main.storyboard;
			sourceTree = "<group>";
		};
		903520882AE1065000EE6CF0 /* LaunchScreen.storyboard */ = {
			isa = PBXVariantGroup;
			children = (
				903520892AE1065000EE6CF0 /* Base */,
			);
			name = LaunchScreen.storyboard;
			sourceTree = "<group>";
		};
/* End PBXVariantGroup section */

/* Begin XCBuildConfiguration section */
		9035208C2AE1065000EE6CF0 /* Debug */ = {
			isa = XCBuildConfiguration;
			buildSettings = {
				ALWAYS_SEARCH_USER_PATHS = NO;
				ASSETCATALOG_COMPILER_GENERATE_SWIFT_ASSET_SYMBOL_EXTENSIONS = YES;
				CLANG_ANALYZER_NONNULL = YES;
				CLANG_ANALYZER_NUMBER_OBJECT_CONVERSION = YES_AGGRESSIVE;
				CLANG_CXX_LANGUAGE_STANDARD = "gnu++20";
				CLANG_ENABLE_MODULES = YES;
				CLANG_ENABLE_OBJC_ARC = YES;
				CLANG_ENABLE_OBJC_WEAK = YES;
				CLANG_WARN_BLOCK_CAPTURE_AUTORELEASING = YES;
				CLANG_WARN_BOOL_CONVERSION = YES;
				CLANG_WARN_COMMA = YES;
				CLANG_WARN_CONSTANT_CONVERSION = YES;
				CLANG_WARN_DEPRECATED_OBJC_IMPLEMENTATIONS = YES;
				CLANG_WARN_DIRECT_OBJC_ISA_USAGE = YES_ERROR;
				CLANG_WARN_DOCUMENTATION_COMMENTS = YES;
				CLANG_WARN_EMPTY_BODY = YES;
				CLANG_WARN_ENUM_CONVERSION = YES;
				CLANG_WARN_INFINITE_RECURSION = YES;
				CLANG_WARN_INT_CONVERSION = YES;
				CLANG_WARN_NON_LITERAL_NULL_CONVERSION = YES;
				CLANG_WARN_OBJC_IMPLICIT_RETAIN_SELF = YES;
				CLANG_WARN_OBJC_LITERAL_CONVERSION = YES;
				CLANG_WARN_OBJC_ROOT_CLASS = YES_ERROR;
				CLANG_WARN_QUOTED_INCLUDE_IN_FRAMEWORK_HEADER = YES;
				CLANG_WARN_RANGE_LOOP_ANALYSIS = YES;
				CLANG_WARN_STRICT_PROTOTYPES = YES;
				CLANG_WARN_SUSPICIOUS_MOVE = YES;
				CLANG_WARN_UNGUARDED_AVAILABILITY = YES_AGGRESSIVE;
				CLANG_WARN_UNREACHABLE_CODE = YES;
				CLANG_WARN__DUPLICATE_METHOD_MATCH = YES;
				COPY_PHASE_STRIP = NO;
				DEBUG_INFORMATION_FORMAT = dwarf;
				ENABLE_STRICT_OBJC_MSGSEND = YES;
				ENABLE_TESTABILITY = YES;
				ENABLE_USER_SCRIPT_SANDBOXING = YES;
				GCC_C_LANGUAGE_STANDARD = gnu17;
				GCC_DYNAMIC_NO_PIC = NO;
				GCC_NO_COMMON_BLOCKS = YES;
				GCC_OPTIMIZATION_LEVEL = 0;
				GCC_PREPROCESSOR_DEFINITIONS = (
					"DEBUG=1",
					"$(inherited)",
				);
				GCC_WARN_64_TO_32_BIT_CONVERSION = YES;
				GCC_WARN_ABOUT_RETURN_TYPE = YES_ERROR;
				GCC_WARN_UNDECLARED_SELECTOR = YES;
				GCC_WARN_UNINITIALIZED_AUTOS = YES_AGGRESSIVE;
				GCC_WARN_UNUSED_FUNCTION = YES;
				GCC_WARN_UNUSED_VARIABLE = YES;
				IPHONEOS_DEPLOYMENT_TARGET = 17.0;
				LOCALIZATION_PREFERS_STRING_CATALOGS = YES;
				MTL_ENABLE_DEBUG_INFO = INCLUDE_SOURCE;
				MTL_FAST_MATH = YES;
				ONLY_ACTIVE_ARCH = YES;
				SDKROOT = iphoneos;
				SWIFT_ACTIVE_COMPILATION_CONDITIONS = "DEBUG $(inherited)";
				SWIFT_OPTIMIZATION_LEVEL = "-Onone";
			};
			name = Debug;
		};
		9035208D2AE1065000EE6CF0 /* Release */ = {
			isa = XCBuildConfiguration;
			buildSettings = {
				ALWAYS_SEARCH_USER_PATHS = NO;
				ASSETCATALOG_COMPILER_GENERATE_SWIFT_ASSET_SYMBOL_EXTENSIONS = YES;
				CLANG_ANALYZER_NONNULL = YES;
				CLANG_ANALYZER_NUMBER_OBJECT_CONVERSION = YES_AGGRESSIVE;
				CLANG_CXX_LANGUAGE_STANDARD = "gnu++20";
				CLANG_ENABLE_MODULES = YES;
				CLANG_ENABLE_OBJC_ARC = YES;
				CLANG_ENABLE_OBJC_WEAK = YES;
				CLANG_WARN_BLOCK_CAPTURE_AUTORELEASING = YES;
				CLANG_WARN_BOOL_CONVERSION = YES;
				CLANG_WARN_COMMA = YES;
				CLANG_WARN_CONSTANT_CONVERSION = YES;
				CLANG_WARN_DEPRECATED_OBJC_IMPLEMENTATIONS = YES;
				CLANG_WARN_DIRECT_OBJC_ISA_USAGE = YES_ERROR;
				CLANG_WARN_DOCUMENTATION_COMMENTS = YES;
				CLANG_WARN_EMPTY_BODY = YES;
				CLANG_WARN_ENUM_CONVERSION = YES;
				CLANG_WARN_INFINITE_RECURSION = YES;
				CLANG_WARN_INT_CONVERSION = YES;
				CLANG_WARN_NON_LITERAL_NULL_CONVERSION = YES;
				CLANG_WARN_OBJC_IMPLICIT_RETAIN_SELF = YES;
				CLANG_WARN_OBJC_LITERAL_CONVERSION = YES;
				CLANG_WARN_OBJC_ROOT_CLASS = YES_ERROR;
				CLANG_WARN_QUOTED_INCLUDE_IN_FRAMEWORK_HEADER = YES;
				CLANG_WARN_RANGE_LOOP_ANALYSIS = YES;
				CLANG_WARN_STRICT_PROTOTYPES = YES;
				CLANG_WARN_SUSPICIOUS_MOVE = YES;
				CLANG_WARN_UNGUARDED_AVAILABILITY = YES_AGGRESSIVE;
				CLANG_WARN_UNREACHABLE_CODE = YES;
				CLANG_WARN__DUPLICATE_METHOD_MATCH = YES;
				COPY_PHASE_STRIP = NO;
				DEBUG_INFORMATION_FORMAT = "dwarf-with-dsym";
				ENABLE_NS_ASSERTIONS = NO;
				ENABLE_STRICT_OBJC_MSGSEND = YES;
				ENABLE_USER_SCRIPT_SANDBOXING = YES;
				GCC_C_LANGUAGE_STANDARD = gnu17;
				GCC_NO_COMMON_BLOCKS = YES;
				GCC_WARN_64_TO_32_BIT_CONVERSION = YES;
				GCC_WARN_ABOUT_RETURN_TYPE = YES_ERROR;
				GCC_WARN_UNDECLARED_SELECTOR = YES;
				GCC_WARN_UNINITIALIZED_AUTOS = YES_AGGRESSIVE;
				GCC_WARN_UNUSED_FUNCTION = YES;
				GCC_WARN_UNUSED_VARIABLE = YES;
				IPHONEOS_DEPLOYMENT_TARGET = 17.0;
				LOCALIZATION_PREFERS_STRING_CATALOGS = YES;
				MTL_ENABLE_DEBUG_INFO = NO;
				MTL_FAST_MATH = YES;
				SDKROOT = iphoneos;
				SWIFT_COMPILATION_MODE = wholemodule;
				VALIDATE_PRODUCT = YES;
			};
			name = Release;
		};
		9035208F2AE1065000EE6CF0 /* Debug */ = {
			isa = XCBuildConfiguration;
			buildSettings = {
				ASSETCATALOG_COMPILER_APPICON_NAME = AppIcon;
				ASSETCATALOG_COMPILER_GLOBAL_ACCENT_COLOR_NAME = AccentColor;
				CODE_SIGN_STYLE = Automatic;
				CURRENT_PROJECT_VERSION = 1;
				GENERATE_INFOPLIST_FILE = YES;
				INFOPLIST_FILE = ToDoList/Info.plist;
				INFOPLIST_KEY_UIApplicationSupportsIndirectInputEvents = YES;
				INFOPLIST_KEY_UILaunchStoryboardName = LaunchScreen;
				INFOPLIST_KEY_UIMainStoryboardFile = Main;
				INFOPLIST_KEY_UISupportedInterfaceOrientations_iPad = "UIInterfaceOrientationPortrait UIInterfaceOrientationPortraitUpsideDown UIInterfaceOrientationLandscapeLeft UIInterfaceOrientationLandscapeRight";
				INFOPLIST_KEY_UISupportedInterfaceOrientations_iPhone = "UIInterfaceOrientationPortrait UIInterfaceOrientationLandscapeLeft UIInterfaceOrientationLandscapeRight";
				LD_RUNPATH_SEARCH_PATHS = (
					"$(inherited)",
					"@executable_path/Frameworks",
				);
				MARKETING_VERSION = 1.0;
				PRODUCT_BUNDLE_IDENTIFIER = None.ToDoList;
				PRODUCT_NAME = "$(TARGET_NAME)";
				SWIFT_EMIT_LOC_STRINGS = YES;
				SWIFT_VERSION = 5.0;
				TARGETED_DEVICE_FAMILY = "1,2";
			};
			name = Debug;
		};
		903520902AE1065000EE6CF0 /* Release */ = {
			isa = XCBuildConfiguration;
			buildSettings = {
				ASSETCATALOG_COMPILER_APPICON_NAME = AppIcon;
				ASSETCATALOG_COMPILER_GLOBAL_ACCENT_COLOR_NAME = AccentColor;
				CODE_SIGN_STYLE = Automatic;
				CURRENT_PROJECT_VERSION = 1;
				GENERATE_INFOPLIST_FILE = YES;
				INFOPLIST_FILE = ToDoList/Info.plist;
				INFOPLIST_KEY_UIApplicationSupportsIndirectInputEvents = YES;
				INFOPLIST_KEY_UILaunchStoryboardName = LaunchScreen;
				INFOPLIST_KEY_UIMainStoryboardFile = Main;
				INFOPLIST_KEY_UISupportedInterfaceOrientations_iPad = "UIInterfaceOrientationPortrait UIInterfaceOrientationPortraitUpsideDown UIInterfaceOrientationLandscapeLeft UIInterfaceOrientationLandscapeRight";
				INFOPLIST_KEY_UISupportedInterfaceOrientations_iPhone = "UIInterfaceOrientationPortrait UIInterfaceOrientationLandscapeLeft UIInterfaceOrientationLandscapeRight";
				LD_RUNPATH_SEARCH_PATHS = (
					"$(inherited)",
					"@executable_path/Frameworks",
				);
				MARKETING_VERSION = 1.0;
				PRODUCT_BUNDLE_IDENTIFIER = None.ToDoList;
				PRODUCT_NAME = "$(TARGET_NAME)";
				SWIFT_EMIT_LOC_STRINGS = YES;
				SWIFT_VERSION = 5.0;
				TARGETED_DEVICE_FAMILY = "1,2";
			};
			name = Release;
		};
/* End XCBuildConfiguration section */

/* Begin XCConfigurationList section */
		903520722AE1064F00EE6CF0 /* Build configuration list for PBXProject "ToDoList" */ = {
			isa = XCConfigurationList;
			buildConfigurations = (
				9035208C2AE1065000EE6CF0 /* Debug */,
				9035208D2AE1065000EE6CF0 /* Release */,
			);
			defaultConfigurationIsVisible = 0;
			defaultConfigurationName = Release;
		};
		9035208E2AE1065000EE6CF0 /* Build configuration list for PBXNativeTarget "ToDoList" */ = {
			isa = XCConfigurationList;
			buildConfigurations = (
				9035208F2AE1065000EE6CF0 /* Debug */,
				903520902AE1065000EE6CF0 /* Release */,
			);
			defaultConfigurationIsVisible = 0;
			defaultConfigurationName = Release;
		};
/* End XCConfigurationList section */

/* Begin XCRemoteSwiftPackageReference section */
		90C01A632AE5139D00B73F0F /* XCRemoteSwiftPackageReference "realm-swift" */ = {
			isa = XCRemoteSwiftPackageReference;
			repositoryURL = "https://github.com/realm/realm-swift.git";
			requirement = {
				branch = master;
				kind = branch;
			};
		};
/* End XCRemoteSwiftPackageReference section */

/* Begin XCSwiftPackageProductDependency section */
		90C01A642AE5139D00B73F0F /* Realm */ = {
			isa = XCSwiftPackageProductDependency;
			package = 90C01A632AE5139D00B73F0F /* XCRemoteSwiftPackageReference "realm-swift" */;
			productName = Realm;
		};
		90C01A662AE5139D00B73F0F /* RealmSwift */ = {
			isa = XCSwiftPackageProductDependency;
			package = 90C01A632AE5139D00B73F0F /* XCRemoteSwiftPackageReference "realm-swift" */;
			productName = RealmSwift;
		};
/* End XCSwiftPackageProductDependency section */

/* Begin XCVersionGroup section */
		903520832AE1064F00EE6CF0 /* ToDoList.xcdatamodeld */ = {
			isa = XCVersionGroup;
			children = (
				903520842AE1064F00EE6CF0 /* ToDoList.xcdatamodel */,
			);
			currentVersion = 903520842AE1064F00EE6CF0 /* ToDoList.xcdatamodel */;
			path = ToDoList.xcdatamodeld;
			sourceTree = "<group>";
			versionGroupType = wrapper.xcdatamodel;
		};
/* End XCVersionGroup section */
	};
	rootObject = 9035206F2AE1064F00EE6CF0 /* Project object */;
}
